
Microsoft Visual Studio Solution File, Format Version 12.00
# Visual Studio Version 16
VisualStudioVersion = 16.0.28917.181
MinimumVisualStudioVersion = 10.0.40219.1
Project("{9A19103F-16F7-4668-BE54-9A1E7A4F7556}") = "DVTAssessment", "DVTAssessment\DVTAssessment.csproj", "{5588F82F-BED8-4514-AF13-EE4D2BD18459}"
EndProject
Project("{FAE04EC0-301F-11D3-BF4B-00C04F79EFBC}") = "Threshold", "Threshold\Threshold.csproj", "{69B727E8-3EBA-4557-9BFC-5CC349793830}"
EndProject
Global
	GlobalSection(SolutionConfigurationPlatforms) = preSolution
		Debug|Any CPU = Debug|Any CPU
		Release|Any CPU = Release|Any CPU
	EndGlobalSection
	GlobalSection(ProjectConfigurationPlatforms) = postSolution
		{5588F82F-BED8-4514-AF13-EE4D2BD18459}.Debug|Any CPU.ActiveCfg = Debug|Any CPU
		{5588F82F-BED8-4514-AF13-EE4D2BD18459}.Debug|Any CPU.Build.0 = Debug|Any CPU
		{5588F82F-BED8-4514-AF13-EE4D2BD18459}.Release|Any CPU.ActiveCfg = Release|Any CPU
		{5588F82F-BED8-4514-AF13-EE4D2BD18459}.Release|Any CPU.Build.0 = Release|Any CPU
		{69B727E8-3EBA-4557-9BFC-5CC349793830}.Debug|Any CPU.ActiveCfg = Debug|Any CPU
		{69B727E8-3EBA-4557-9BFC-5CC349793830}.Debug|Any CPU.Build.0 = Debug|Any CPU
		{69B727E8-3EBA-4557-9BFC-5CC349793830}.Release|Any CPU.ActiveCfg = Release|Any CPU
		{69B727E8-3EBA-4557-9BFC-5CC349793830}.Release|Any CPU.Build.0 = Release|Any CPU
	EndGlobalSection
	GlobalSection(SolutionProperties) = preSolution
		HideSolutionNode = FALSE
	EndGlobalSection
	GlobalSection(ExtensibilityGlobals) = postSolution
		SolutionGuid = {46804649-5E93-47B9-A0BE-E9399AA3CD02}
	EndGlobalSection
EndGlobal
